
Microsoft Visual Studio Solution File, Format Version 12.00
# Visual Studio Version 17
VisualStudioVersion = 17.0.32014.148
MinimumVisualStudioVersion = 10.0.40219.1
Project("{FAE04EC0-301F-11D3-BF4B-00C04F79EFBC}") = "Estacionamiento", "Estacionamiento.csproj", "{F9AFC052-7BDC-452A-B590-443FDE2F8272}"
EndProject
Global
	GlobalSection(SolutionConfigurationPlatforms) = preSolution
		Debug|Any CPU = Debug|Any CPU
		Release|Any CPU = Release|Any CPU
	EndGlobalSection
	GlobalSection(ProjectConfigurationPlatforms) = postSolution
		{F9AFC052-7BDC-452A-B590-443FDE2F8272}.Debug|Any CPU.ActiveCfg = Debug|Any CPU
		{F9AFC052-7BDC-452A-B590-443FDE2F8272}.Debug|Any CPU.Build.0 = Debug|Any CPU
		{F9AFC052-7BDC-452A-B590-443FDE2F8272}.Release|Any CPU.ActiveCfg = Release|Any CPU
		{F9AFC052-7BDC-452A-B590-443FDE2F8272}.Release|Any CPU.Build.0 = Release|Any CPU
	EndGlobalSection
	GlobalSection(SolutionProperties) = preSolution
		HideSolutionNode = FALSE
	EndGlobalSection
	GlobalSection(ExtensibilityGlobals) = postSolution
		SolutionGuid = {3D6B46D2-70CA-452B-8B8C-7801DD7DC752}
	EndGlobalSection
EndGlobal
